
Microsoft Visual Studio Solution File, Format Version 12.00
# Visual Studio Version 16
VisualStudioVersion = 16.0.29519.87
MinimumVisualStudioVersion = 10.0.40219.1
Project("{FAE04EC0-301F-11D3-BF4B-00C04F79EFBC}") = "ZomatoAPI", "ZomatoAPI\ZomatoAPI.csproj", "{9CE244ED-7984-4183-BE45-58E5870BD0A2}"
EndProject
Project("{FAE04EC0-301F-11D3-BF4B-00C04F79EFBC}") = "ZomatoApi.Core", "ZomatoApi.Core\ZomatoApi.Core.csproj", "{4CE68B49-2E96-49DC-AE89-E2E1B14C149F}"
EndProject
Project("{FAE04EC0-301F-11D3-BF4B-00C04F79EFBC}") = "ZomatoApi.Infrastructure", "ZomatoApi.Infrastructure\ZomatoApi.Infrastructure.csproj", "{F573D72A-BCFD-46B7-8B23-440E96780EE1}"
EndProject
Global
	GlobalSection(SolutionConfigurationPlatforms) = preSolution
		Debug|Any CPU = Debug|Any CPU
		Release|Any CPU = Release|Any CPU
	EndGlobalSection
	GlobalSection(ProjectConfigurationPlatforms) = postSolution
		{9CE244ED-7984-4183-BE45-58E5870BD0A2}.Debug|Any CPU.ActiveCfg = Debug|Any CPU
		{9CE244ED-7984-4183-BE45-58E5870BD0A2}.Debug|Any CPU.Build.0 = Debug|Any CPU
		{9CE244ED-7984-4183-BE45-58E5870BD0A2}.Release|Any CPU.ActiveCfg = Release|Any CPU
		{9CE244ED-7984-4183-BE45-58E5870BD0A2}.Release|Any CPU.Build.0 = Release|Any CPU
		{4CE68B49-2E96-49DC-AE89-E2E1B14C149F}.Debug|Any CPU.ActiveCfg = Debug|Any CPU
		{4CE68B49-2E96-49DC-AE89-E2E1B14C149F}.Debug|Any CPU.Build.0 = Debug|Any CPU
		{4CE68B49-2E96-49DC-AE89-E2E1B14C149F}.Release|Any CPU.ActiveCfg = Release|Any CPU
		{4CE68B49-2E96-49DC-AE89-E2E1B14C149F}.Release|Any CPU.Build.0 = Release|Any CPU
		{F573D72A-BCFD-46B7-8B23-440E96780EE1}.Debug|Any CPU.ActiveCfg = Debug|Any CPU
		{F573D72A-BCFD-46B7-8B23-440E96780EE1}.Debug|Any CPU.Build.0 = Debug|Any CPU
		{F573D72A-BCFD-46B7-8B23-440E96780EE1}.Release|Any CPU.ActiveCfg = Release|Any CPU
		{F573D72A-BCFD-46B7-8B23-440E96780EE1}.Release|Any CPU.Build.0 = Release|Any CPU
	EndGlobalSection
	GlobalSection(SolutionProperties) = preSolution
		HideSolutionNode = FALSE
	EndGlobalSection
	GlobalSection(ExtensibilityGlobals) = postSolution
		SolutionGuid = {2BA1D637-C47B-4D06-8AE6-34FB6BE1B901}
	EndGlobalSection
EndGlobal
